
Microsoft Visual Studio Solution File, Format Version 12.00
# Visual Studio 15
VisualStudioVersion = 15.0.28307.539
MinimumVisualStudioVersion = 10.0.40219.1
Project("{FAE04EC0-301F-11D3-BF4B-00C04F79EFBC}") = "ConsoleApp3", "ConsoleApp3\ConsoleApp3.csproj", "{CE929291-CE96-4A6B-9410-B858E4DCC181}"
EndProject
Global
	GlobalSection(SolutionConfigurationPlatforms) = preSolution
		Debug|Any CPU = Debug|Any CPU
		Release|Any CPU = Release|Any CPU
	EndGlobalSection
	GlobalSection(ProjectConfigurationPlatforms) = postSolution
		{CE929291-CE96-4A6B-9410-B858E4DCC181}.Debug|Any CPU.ActiveCfg = Debug|Any CPU
		{CE929291-CE96-4A6B-9410-B858E4DCC181}.Debug|Any CPU.Build.0 = Debug|Any CPU
		{CE929291-CE96-4A6B-9410-B858E4DCC181}.Release|Any CPU.ActiveCfg = Release|Any CPU
		{CE929291-CE96-4A6B-9410-B858E4DCC181}.Release|Any CPU.Build.0 = Release|Any CPU
	EndGlobalSection
	GlobalSection(SolutionProperties) = preSolution
		HideSolutionNode = FALSE
	EndGlobalSection
	GlobalSection(ExtensibilityGlobals) = postSolution
		SolutionGuid = {E589055C-6F4E-4466-AC1C-EA54B93901CA}
	EndGlobalSection
EndGlobal
